
Microsoft Visual Studio Solution File, Format Version 12.00
# Visual Studio Version 16
VisualStudioVersion = 16.0.29324.140
MinimumVisualStudioVersion = 10.0.40219.1
Project("{FAE04EC0-301F-11D3-BF4B-00C04F79EFBC}") = "Nicacio.ClinicaVeterinaria.Web", "Nicacio.ClinicaVeterinaria.Web\Nicacio.ClinicaVeterinaria.Web.csproj", "{C7165B21-0034-4E9F-ADFE-F5570C577884}"
EndProject
Project("{FAE04EC0-301F-11D3-BF4B-00C04F79EFBC}") = "Nicacio.ClinicaVeterinaria.Dominio", "Nicacio.ClinicaVeterinaria.Dominio\Nicacio.ClinicaVeterinaria.Dominio.csproj", "{9BA867BC-ADF0-4A8F-AE8F-4E8B618768CF}"
EndProject
Project("{2150E333-8FDC-42A3-9474-1A3956D46DE8}") = "Dominio", "Dominio", "{D841246B-416B-442E-8A26-6CF5B2E5F5F0}"
EndProject
Project("{2150E333-8FDC-42A3-9474-1A3956D46DE8}") = "Acesso a dados", "Acesso a dados", "{7651AED8-F503-45FB-B49A-BE88EDA11381}"
EndProject
Project("{FAE04EC0-301F-11D3-BF4B-00C04F79EFBC}") = "Nicacio.ClinicaVeterinaria.AcessoDados.Comum.EF", "Nicacio.ClinicaVeterinaria.Comum.EF\Nicacio.ClinicaVeterinaria.AcessoDados.Comum.EF.csproj", "{3207BB81-ECD8-4D30-8DE6-563E23002308}"
EndProject
Project("{FAE04EC0-301F-11D3-BF4B-00C04F79EFBC}") = "Nicacio.ClinicaVeterinaria.AcessoDados.EF", "Nicacio.ClinicaVeterinaria.AcessoDados.EF\Nicacio.ClinicaVeterinaria.AcessoDados.EF.csproj", "{F3889F50-C7B3-4ABA-A65B-D3D7B430ED8A}"
EndProject
Project("{2150E333-8FDC-42A3-9474-1A3956D46DE8}") = "Repositorio", "Repositorio", "{5553C1F8-B13D-49EB-9B6A-3F72839B3013}"
EndProject
Project("{FAE04EC0-301F-11D3-BF4B-00C04F79EFBC}") = "Nicacio.ClinicaVeterinaria.Repositorio.Comum.EF", "Nicacio.ClinicaVeterinaria.Repositorio.Comum.EF\Nicacio.ClinicaVeterinaria.Repositorio.Comum.EF.csproj", "{5C604D05-CB0A-4046-A814-951B34D2930D}"
EndProject
Project("{FAE04EC0-301F-11D3-BF4B-00C04F79EFBC}") = "Nicacio.ClinicaVeterinaria.Repositorio.EF", "Nicacio.ClinicaVeterinaria.Repositorio.EF\Nicacio.ClinicaVeterinaria.Repositorio.EF.csproj", "{42364450-D43A-4944-8830-D53FE554AA51}"
EndProject
Project("{FAE04EC0-301F-11D3-BF4B-00C04F79EFBC}") = "Nicacio.ClinicaVeterinaria.Repositorio.Comum", "Nicacio.ClinicaVeterinaria.Repositorio.Comum\Nicacio.ClinicaVeterinaria.Repositorio.Comum.csproj", "{3D369F95-97D2-42F4-97EF-4D091F75933D}"
EndProject
Global
	GlobalSection(SolutionConfigurationPlatforms) = preSolution
		Debug|Any CPU = Debug|Any CPU
		Release|Any CPU = Release|Any CPU
	EndGlobalSection
	GlobalSection(ProjectConfigurationPlatforms) = postSolution
		{C7165B21-0034-4E9F-ADFE-F5570C577884}.Debug|Any CPU.ActiveCfg = Debug|Any CPU
		{C7165B21-0034-4E9F-ADFE-F5570C577884}.Debug|Any CPU.Build.0 = Debug|Any CPU
		{C7165B21-0034-4E9F-ADFE-F5570C577884}.Release|Any CPU.ActiveCfg = Release|Any CPU
		{C7165B21-0034-4E9F-ADFE-F5570C577884}.Release|Any CPU.Build.0 = Release|Any CPU
		{9BA867BC-ADF0-4A8F-AE8F-4E8B618768CF}.Debug|Any CPU.ActiveCfg = Debug|Any CPU
		{9BA867BC-ADF0-4A8F-AE8F-4E8B618768CF}.Debug|Any CPU.Build.0 = Debug|Any CPU
		{9BA867BC-ADF0-4A8F-AE8F-4E8B618768CF}.Release|Any CPU.ActiveCfg = Release|Any CPU
		{9BA867BC-ADF0-4A8F-AE8F-4E8B618768CF}.Release|Any CPU.Build.0 = Release|Any CPU
		{3207BB81-ECD8-4D30-8DE6-563E23002308}.Debug|Any CPU.ActiveCfg = Debug|Any CPU
		{3207BB81-ECD8-4D30-8DE6-563E23002308}.Debug|Any CPU.Build.0 = Debug|Any CPU
		{3207BB81-ECD8-4D30-8DE6-563E23002308}.Release|Any CPU.ActiveCfg = Release|Any CPU
		{3207BB81-ECD8-4D30-8DE6-563E23002308}.Release|Any CPU.Build.0 = Release|Any CPU
		{F3889F50-C7B3-4ABA-A65B-D3D7B430ED8A}.Debug|Any CPU.ActiveCfg = Debug|Any CPU
		{F3889F50-C7B3-4ABA-A65B-D3D7B430ED8A}.Debug|Any CPU.Build.0 = Debug|Any CPU
		{F3889F50-C7B3-4ABA-A65B-D3D7B430ED8A}.Release|Any CPU.ActiveCfg = Release|Any CPU
		{F3889F50-C7B3-4ABA-A65B-D3D7B430ED8A}.Release|Any CPU.Build.0 = Release|Any CPU
		{5C604D05-CB0A-4046-A814-951B34D2930D}.Debug|Any CPU.ActiveCfg = Debug|Any CPU
		{5C604D05-CB0A-4046-A814-951B34D2930D}.Debug|Any CPU.Build.0 = Debug|Any CPU
		{5C604D05-CB0A-4046-A814-951B34D2930D}.Release|Any CPU.ActiveCfg = Release|Any CPU
		{5C604D05-CB0A-4046-A814-951B34D2930D}.Release|Any CPU.Build.0 = Release|Any CPU
		{42364450-D43A-4944-8830-D53FE554AA51}.Debug|Any CPU.ActiveCfg = Debug|Any CPU
		{42364450-D43A-4944-8830-D53FE554AA51}.Debug|Any CPU.Build.0 = Debug|Any CPU
		{42364450-D43A-4944-8830-D53FE554AA51}.Release|Any CPU.ActiveCfg = Release|Any CPU
		{42364450-D43A-4944-8830-D53FE554AA51}.Release|Any CPU.Build.0 = Release|Any CPU
		{3D369F95-97D2-42F4-97EF-4D091F75933D}.Debug|Any CPU.ActiveCfg = Debug|Any CPU
		{3D369F95-97D2-42F4-97EF-4D091F75933D}.Debug|Any CPU.Build.0 = Debug|Any CPU
		{3D369F95-97D2-42F4-97EF-4D091F75933D}.Release|Any CPU.ActiveCfg = Release|Any CPU
		{3D369F95-97D2-42F4-97EF-4D091F75933D}.Release|Any CPU.Build.0 = Release|Any CPU
	EndGlobalSection
	GlobalSection(SolutionProperties) = preSolution
		HideSolutionNode = FALSE
	EndGlobalSection
	GlobalSection(NestedProjects) = preSolution
		{9BA867BC-ADF0-4A8F-AE8F-4E8B618768CF} = {D841246B-416B-442E-8A26-6CF5B2E5F5F0}
		{3207BB81-ECD8-4D30-8DE6-563E23002308} = {7651AED8-F503-45FB-B49A-BE88EDA11381}
		{F3889F50-C7B3-4ABA-A65B-D3D7B430ED8A} = {7651AED8-F503-45FB-B49A-BE88EDA11381}
		{5C604D05-CB0A-4046-A814-951B34D2930D} = {5553C1F8-B13D-49EB-9B6A-3F72839B3013}
		{42364450-D43A-4944-8830-D53FE554AA51} = {5553C1F8-B13D-49EB-9B6A-3F72839B3013}
		{3D369F95-97D2-42F4-97EF-4D091F75933D} = {5553C1F8-B13D-49EB-9B6A-3F72839B3013}
	EndGlobalSection
	GlobalSection(ExtensibilityGlobals) = postSolution
		SolutionGuid = {6EE69B69-4BA7-4C20-BF3E-B1CB26DC90B9}
	EndGlobalSection
EndGlobal
